// !$*UTF8*$!
{
	archiveVersion = 1;
	classes = {
	};
	objectVersion = 50;
	objects = {

/* Begin PBXBuildFile section */
		B26AEF8E2740CCD700244C81 /* AppDelegate.swift in Sources */ = {isa = PBXBuildFile; fileRef = B26AEF8D2740CCD700244C81 /* AppDelegate.swift */; };
		B26AEF902740CCD700244C81 /* SceneDelegate.swift in Sources */ = {isa = PBXBuildFile; fileRef = B26AEF8F2740CCD700244C81 /* SceneDelegate.swift */; };
		B26AEF922740CCD700244C81 /* IntroductionViewController.swift in Sources */ = {isa = PBXBuildFile; fileRef = B26AEF912740CCD700244C81 /* IntroductionViewController.swift */; };
		B26AEF952740CCD700244C81 /* Main.storyboard in Resources */ = {isa = PBXBuildFile; fileRef = B26AEF932740CCD700244C81 /* Main.storyboard */; };
		B26AEF972740CCDB00244C81 /* Assets.xcassets in Resources */ = {isa = PBXBuildFile; fileRef = B26AEF962740CCDB00244C81 /* Assets.xcassets */; };
		B26AEF9A2740CCDB00244C81 /* LaunchScreen.storyboard in Resources */ = {isa = PBXBuildFile; fileRef = B26AEF982740CCDB00244C81 /* LaunchScreen.storyboard */; };
		B26AEFA52740CCDB00244C81 /* PersonalityQuizTests.swift in Sources */ = {isa = PBXBuildFile; fileRef = B26AEFA42740CCDB00244C81 /* PersonalityQuizTests.swift */; };
		B26AEFB02740CCDB00244C81 /* PersonalityQuizUITests.swift in Sources */ = {isa = PBXBuildFile; fileRef = B26AEFAF2740CCDB00244C81 /* PersonalityQuizUITests.swift */; };
		B26AEFBE2740DC2000244C81 /* QuestionViewController.swift in Sources */ = {isa = PBXBuildFile; fileRef = B26AEFBD2740DC2000244C81 /* QuestionViewController.swift */; };
		B26AEFC02740DC5300244C81 /* ResultsViewController.swift in Sources */ = {isa = PBXBuildFile; fileRef = B26AEFBF2740DC5300244C81 /* ResultsViewController.swift */; };
		B26AEFC22740E5A900244C81 /* Question.swift in Sources */ = {isa = PBXBuildFile; fileRef = B26AEFC12740E5A900244C81 /* Question.swift */; };
/* End PBXBuildFile section */

/* Begin PBXContainerItemProxy section */
		B26AEFA12740CCDB00244C81 /* PBXContainerItemProxy */ = {
			isa = PBXContainerItemProxy;
			containerPortal = B26AEF822740CCD700244C81 /* Project object */;
			proxyType = 1;
			remoteGlobalIDString = B26AEF892740CCD700244C81;
			remoteInfo = PersonalityQuiz;
		};
		B26AEFAC2740CCDB00244C81 /* PBXContainerItemProxy */ = {
			isa = PBXContainerItemProxy;
			containerPortal = B26AEF822740CCD700244C81 /* Project object */;
			proxyType = 1;
			remoteGlobalIDString = B26AEF892740CCD700244C81;
			remoteInfo = PersonalityQuiz;
		};
/* End PBXContainerItemProxy section */

/* Begin PBXFileReference section */
		B26AEF8A2740CCD700244C81 /* PersonalityQuiz.app */ = {isa = PBXFileReference; explicitFileType = wrapper.application; includeInIndex = 0; path = PersonalityQuiz.app; sourceTree = BUILT_PRODUCTS_DIR; };
		B26AEF8D2740CCD700244C81 /* AppDelegate.swift */ = {isa = PBXFileReference; lastKnownFileType = sourcecode.swift; path = AppDelegate.swift; sourceTree = "<group>"; };
		B26AEF8F2740CCD700244C81 /* SceneDelegate.swift */ = {isa = PBXFileReference; lastKnownFileType = sourcecode.swift; path = SceneDelegate.swift; sourceTree = "<group>"; };
		B26AEF912740CCD700244C81 /* IntroductionViewController.swift */ = {isa = PBXFileReference; lastKnownFileType = sourcecode.swift; path = IntroductionViewController.swift; sourceTree = "<group>"; };
		B26AEF942740CCD700244C81 /* Base */ = {isa = PBXFileReference; lastKnownFileType = file.storyboard; name = Base; path = Base.lproj/Main.storyboard; sourceTree = "<group>"; };
		B26AEF962740CCDB00244C81 /* Assets.xcassets */ = {isa = PBXFileReference; lastKnownFileType = folder.assetcatalog; path = Assets.xcassets; sourceTree = "<group>"; };
		B26AEF992740CCDB00244C81 /* Base */ = {isa = PBXFileReference; lastKnownFileType = file.storyboard; name = Base; path = Base.lproj/LaunchScreen.storyboard; sourceTree = "<group>"; };
		B26AEF9B2740CCDB00244C81 /* Info.plist */ = {isa = PBXFileReference; lastKnownFileType = text.plist.xml; path = Info.plist; sourceTree = "<group>"; };
		B26AEFA02740CCDB00244C81 /* PersonalityQuizTests.xctest */ = {isa = PBXFileReference; explicitFileType = wrapper.cfbundle; includeInIndex = 0; path = PersonalityQuizTests.xctest; sourceTree = BUILT_PRODUCTS_DIR; };
		B26AEFA42740CCDB00244C81 /* PersonalityQuizTests.swift */ = {isa = PBXFileReference; lastKnownFileType = sourcecode.swift; path = PersonalityQuizTests.swift; sourceTree = "<group>"; };
		B26AEFA62740CCDB00244C81 /* Info.plist */ = {isa = PBXFileReference; lastKnownFileType = text.plist.xml; path = Info.plist; sourceTree = "<group>"; };
		B26AEFAB2740CCDB00244C81 /* PersonalityQuizUITests.xctest */ = {isa = PBXFileReference; explicitFileType = wrapper.cfbundle; includeInIndex = 0; path = PersonalityQuizUITests.xctest; sourceTree = BUILT_PRODUCTS_DIR; };
		B26AEFAF2740CCDB00244C81 /* PersonalityQuizUITests.swift */ = {isa = PBXFileReference; lastKnownFileType = sourcecode.swift; path = PersonalityQuizUITests.swift; sourceTree = "<group>"; };
		B26AEFB12740CCDB00244C81 /* Info.plist */ = {isa = PBXFileReference; lastKnownFileType = text.plist.xml; path = Info.plist; sourceTree = "<group>"; };
		B26AEFBD2740DC2000244C81 /* QuestionViewController.swift */ = {isa = PBXFileReference; lastKnownFileType = sourcecode.swift; path = QuestionViewController.swift; sourceTree = "<group>"; };
		B26AEFBF2740DC5300244C81 /* ResultsViewController.swift */ = {isa = PBXFileReference; lastKnownFileType = sourcecode.swift; path = ResultsViewController.swift; sourceTree = "<group>"; };
		B26AEFC12740E5A900244C81 /* Question.swift */ = {isa = PBXFileReference; lastKnownFileType = sourcecode.swift; path = Question.swift; sourceTree = "<group>"; };
/* End PBXFileReference section */

/* Begin PBXFrameworksBuildPhase section */
		B26AEF872740CCD700244C81 /* Frameworks */ = {
			isa = PBXFrameworksBuildPhase;
			buildActionMask = 2147483647;
			files = (
			);
			runOnlyForDeploymentPostprocessing = 0;
		};
		B26AEF9D2740CCDB00244C81 /* Frameworks */ = {
			isa = PBXFrameworksBuildPhase;
			buildActionMask = 2147483647;
			files = (
			);
			runOnlyForDeploymentPostprocessing = 0;
		};
		B26AEFA82740CCDB00244C81 /* Frameworks */ = {
			isa = PBXFrameworksBuildPhase;
			buildActionMask = 2147483647;
			files = (
			);
			runOnlyForDeploymentPostprocessing = 0;
		};
/* End PBXFrameworksBuildPhase section */

/* Begin PBXGroup section */
		B26AEF812740CCD700244C81 = {
			isa = PBXGroup;
			children = (
				B26AEF8C2740CCD700244C81 /* PersonalityQuiz */,
				B26AEFA32740CCDB00244C81 /* PersonalityQuizTests */,
				B26AEFAE2740CCDB00244C81 /* PersonalityQuizUITests */,
				B26AEF8B2740CCD700244C81 /* Products */,
			);
			sourceTree = "<group>";
		};
		B26AEF8B2740CCD700244C81 /* Products */ = {
			isa = PBXGroup;
			children = (
				B26AEF8A2740CCD700244C81 /* PersonalityQuiz.app */,
				B26AEFA02740CCDB00244C81 /* PersonalityQuizTests.xctest */,
				B26AEFAB2740CCDB00244C81 /* PersonalityQuizUITests.xctest */,
			);
			name = Products;
			sourceTree = "<group>";
		};
		B26AEF8C2740CCD700244C81 /* PersonalityQuiz */ = {
			isa = PBXGroup;
			children = (
				B26AEF8D2740CCD700244C81 /* AppDelegate.swift */,
				B26AEF8F2740CCD700244C81 /* SceneDelegate.swift */,
				B26AEF912740CCD700244C81 /* IntroductionViewController.swift */,
				B26AEFBD2740DC2000244C81 /* QuestionViewController.swift */,
				B26AEFBF2740DC5300244C81 /* ResultsViewController.swift */,
				B26AEF932740CCD700244C81 /* Main.storyboard */,
				B26AEFC12740E5A900244C81 /* Question.swift */,
				B26AEF962740CCDB00244C81 /* Assets.xcassets */,
				B26AEF982740CCDB00244C81 /* LaunchScreen.storyboard */,
				B26AEF9B2740CCDB00244C81 /* Info.plist */,
			);
			path = PersonalityQuiz;
			sourceTree = "<group>";
		};
		B26AEFA32740CCDB00244C81 /* PersonalityQuizTests */ = {
			isa = PBXGroup;
			children = (
				B26AEFA42740CCDB00244C81 /* PersonalityQuizTests.swift */,
				B26AEFA62740CCDB00244C81 /* Info.plist */,
			);
			path = PersonalityQuizTests;
			sourceTree = "<group>";
		};
		B26AEFAE2740CCDB00244C81 /* PersonalityQuizUITests */ = {
			isa = PBXGroup;
			children = (
				B26AEFAF2740CCDB00244C81 /* PersonalityQuizUITests.swift */,
				B26AEFB12740CCDB00244C81 /* Info.plist */,
			);
			path = PersonalityQuizUITests;
			sourceTree = "<group>";
		};
/* End PBXGroup section */

/* Begin PBXNativeTarget section */
		B26AEF892740CCD700244C81 /* PersonalityQuiz */ = {
			isa = PBXNativeTarget;
			buildConfigurationList = B26AEFB42740CCDB00244C81 /* Build configuration list for PBXNativeTarget "PersonalityQuiz" */;
			buildPhases = (
				B26AEF862740CCD700244C81 /* Sources */,
				B26AEF872740CCD700244C81 /* Frameworks */,
				B26AEF882740CCD700244C81 /* Resources */,
			);
			buildRules = (
			);
			dependencies = (
			);
			name = PersonalityQuiz;
			productName = PersonalityQuiz;
			productReference = B26AEF8A2740CCD700244C81 /* PersonalityQuiz.app */;
			productType = "com.apple.product-type.application";
		};
		B26AEF9F2740CCDB00244C81 /* PersonalityQuizTests */ = {
			isa = PBXNativeTarget;
			buildConfigurationList = B26AEFB72740CCDB00244C81 /* Build configuration list for PBXNativeTarget "PersonalityQuizTests" */;
			buildPhases = (
				B26AEF9C2740CCDB00244C81 /* Sources */,
				B26AEF9D2740CCDB00244C81 /* Frameworks */,
				B26AEF9E2740CCDB00244C81 /* Resources */,
			);
			buildRules = (
			);
			dependencies = (
				B26AEFA22740CCDB00244C81 /* PBXTargetDependency */,
			);
			name = PersonalityQuizTests;
			productName = PersonalityQuizTests;
			productReference = B26AEFA02740CCDB00244C81 /* PersonalityQuizTests.xctest */;
			productType = "com.apple.product-type.bundle.unit-test";
		};
		B26AEFAA2740CCDB00244C81 /* PersonalityQuizUITests */ = {
			isa = PBXNativeTarget;
			buildConfigurationList = B26AEFBA2740CCDB00244C81 /* Build configuration list for PBXNativeTarget "PersonalityQuizUITests" */;
			buildPhases = (
				B26AEFA72740CCDB00244C81 /* Sources */,
				B26AEFA82740CCDB00244C81 /* Frameworks */,
				B26AEFA92740CCDB00244C81 /* Resources */,
			);
			buildRules = (
			);
			dependencies = (
				B26AEFAD2740CCDB00244C81 /* PBXTargetDependency */,
			);
			name = PersonalityQuizUITests;
			productName = PersonalityQuizUITests;
			productReference = B26AEFAB2740CCDB00244C81 /* PersonalityQuizUITests.xctest */;
			productType = "com.apple.product-type.bundle.ui-testing";
		};
/* End PBXNativeTarget section */

/* Begin PBXProject section */
		B26AEF822740CCD700244C81 /* Project object */ = {
			isa = PBXProject;
			attributes = {
				LastSwiftUpdateCheck = 1250;
				LastUpgradeCheck = 1250;
				TargetAttributes = {
					B26AEF892740CCD700244C81 = {
						CreatedOnToolsVersion = 12.5.1;
					};
					B26AEF9F2740CCDB00244C81 = {
						CreatedOnToolsVersion = 12.5.1;
						TestTargetID = B26AEF892740CCD700244C81;
					};
					B26AEFAA2740CCDB00244C81 = {
						CreatedOnToolsVersion = 12.5.1;
						TestTargetID = B26AEF892740CCD700244C81;
					};
				};
			};
			buildConfigurationList = B26AEF852740CCD700244C81 /* Build configuration list for PBXProject "PersonalityQuiz" */;
			compatibilityVersion = "Xcode 9.3";
			developmentRegion = en;
			hasScannedForEncodings = 0;
			knownRegions = (
				en,
				Base,
			);
			mainGroup = B26AEF812740CCD700244C81;
			productRefGroup = B26AEF8B2740CCD700244C81 /* Products */;
			projectDirPath = "";
			projectRoot = "";
			targets = (
				B26AEF892740CCD700244C81 /* PersonalityQuiz */,
				B26AEF9F2740CCDB00244C81 /* PersonalityQuizTests */,
				B26AEFAA2740CCDB00244C81 /* PersonalityQuizUITests */,
			);
		};
/* End PBXProject section */

/* Begin PBXResourcesBuildPhase section */
		B26AEF882740CCD700244C81 /* Resources */ = {
			isa = PBXResourcesBuildPhase;
			buildActionMask = 2147483647;
			files = (
				B26AEF9A2740CCDB00244C81 /* LaunchScreen.storyboard in Resources */,
				B26AEF972740CCDB00244C81 /* Assets.xcassets in Resources */,
				B26AEF952740CCD700244C81 /* Main.storyboard in Resources */,
			);
			runOnlyForDeploymentPostprocessing = 0;
		};
		B26AEF9E2740CCDB00244C81 /* Resources */ = {
			isa = PBXResourcesBuildPhase;
			buildActionMask = 2147483647;
			files = (
			);
			runOnlyForDeploymentPostprocessing = 0;
		};
		B26AEFA92740CCDB00244C81 /* Resources */ = {
			isa = PBXResourcesBuildPhase;
			buildActionMask = 2147483647;
			files = (
			);
			runOnlyForDeploymentPostprocessing = 0;
		};
/* End PBXResourcesBuildPhase section */

/* Begin PBXSourcesBuildPhase section */
		B26AEF862740CCD700244C81 /* Sources */ = {
			isa = PBXSourcesBuildPhase;
			buildActionMask = 2147483647;
			files = (
				B26AEF922740CCD700244C81 /* IntroductionViewController.swift in Sources */,
				B26AEF8E2740CCD700244C81 /* AppDelegate.swift in Sources */,
				B26AEFBE2740DC2000244C81 /* QuestionViewController.swift in Sources */,
				B26AEFC22740E5A900244C81 /* Question.swift in Sources */,
				B26AEFC02740DC5300244C81 /* ResultsViewController.swift in Sources */,
				B26AEF902740CCD700244C81 /* SceneDelegate.swift in Sources */,
			);
			runOnlyForDeploymentPostprocessing = 0;
		};
		B26AEF9C2740CCDB00244C81 /* Sources */ = {
			isa = PBXSourcesBuildPhase;
			buildActionMask = 2147483647;
			files = (
				B26AEFA52740CCDB00244C81 /* PersonalityQuizTests.swift in Sources */,
			);
			runOnlyForDeploymentPostprocessing = 0;
		};
		B26AEFA72740CCDB00244C81 /* Sources */ = {
			isa = PBXSourcesBuildPhase;
			buildActionMask = 2147483647;
			files = (
				B26AEFB02740CCDB00244C81 /* PersonalityQuizUITests.swift in Sources */,
			);
			runOnlyForDeploymentPostprocessing = 0;
		};
/* End PBXSourcesBuildPhase section */

/* Begin PBXTargetDependency section */
		B26AEFA22740CCDB00244C81 /* PBXTargetDependency */ = {
			isa = PBXTargetDependency;
			target = B26AEF892740CCD700244C81 /* PersonalityQuiz */;
			targetProxy = B26AEFA12740CCDB00244C81 /* PBXContainerItemProxy */;
		};
		B26AEFAD2740CCDB00244C81 /* PBXTargetDependency */ = {
			isa = PBXTargetDependency;
			target = B26AEF892740CCD700244C81 /* PersonalityQuiz */;
			targetProxy = B26AEFAC2740CCDB00244C81 /* PBXContainerItemProxy */;
		};
/* End PBXTargetDependency section */

/* Begin PBXVariantGroup section */
		B26AEF932740CCD700244C81 /* Main.storyboard */ = {
			isa = PBXVariantGroup;
			children = (
				B26AEF942740CCD700244C81 /* Base */,
			);
			name = Main.storyboard;
			sourceTree = "<group>";
		};
		B26AEF982740CCDB00244C81 /* LaunchScreen.storyboard */ = {
			isa = PBXVariantGroup;
			children = (
				B26AEF992740CCDB00244C81 /* Base */,
			);
			name = LaunchScreen.storyboard;
			sourceTree = "<group>";
		};
/* End PBXVariantGroup section */

/* Begin XCBuildConfiguration section */
		B26AEFB22740CCDB00244C81 /* Debug */ = {
			isa = XCBuildConfiguration;
			buildSettings = {
				ALWAYS_SEARCH_USER_PATHS = NO;
				CLANG_ANALYZER_NONNULL = YES;
				CLANG_ANALYZER_NUMBER_OBJECT_CONVERSION = YES_AGGRESSIVE;
				CLANG_CXX_LANGUAGE_STANDARD = "gnu++14";
				CLANG_CXX_LIBRARY = "libc++";
				CLANG_ENABLE_MODULES = YES;
				CLANG_ENABLE_OBJC_ARC = YES;
				CLANG_ENABLE_OBJC_WEAK = YES;
				CLANG_WARN_BLOCK_CAPTURE_AUTORELEASING = YES;
				CLANG_WARN_BOOL_CONVERSION = YES;
				CLANG_WARN_COMMA = YES;
				CLANG_WARN_CONSTANT_CONVERSION = YES;
				CLANG_WARN_DEPRECATED_OBJC_IMPLEMENTATIONS = YES;
				CLANG_WARN_DIRECT_OBJC_ISA_USAGE = YES_ERROR;
				CLANG_WARN_DOCUMENTATION_COMMENTS = YES;
				CLANG_WARN_EMPTY_BODY = YES;
				CLANG_WARN_ENUM_CONVERSION = YES;
				CLANG_WARN_INFINITE_RECURSION = YES;
				CLANG_WARN_INT_CONVERSION = YES;
				CLANG_WARN_NON_LITERAL_NULL_CONVERSION = YES;
				CLANG_WARN_OBJC_IMPLICIT_RETAIN_SELF = YES;
				CLANG_WARN_OBJC_LITERAL_CONVERSION = YES;
				CLANG_WARN_OBJC_ROOT_CLASS = YES_ERROR;
				CLANG_WARN_QUOTED_INCLUDE_IN_FRAMEWORK_HEADER = YES;
				CLANG_WARN_RANGE_LOOP_ANALYSIS = YES;
				CLANG_WARN_STRICT_PROTOTYPES = YES;
				CLANG_WARN_SUSPICIOUS_MOVE = YES;
				CLANG_WARN_UNGUARDED_AVAILABILITY = YES_AGGRESSIVE;
				CLANG_WARN_UNREACHABLE_CODE = YES;
				CLANG_WARN__DUPLICATE_METHOD_MATCH = YES;
				COPY_PHASE_STRIP = NO;
				DEBUG_INFORMATION_FORMAT = dwarf;
				ENABLE_STRICT_OBJC_MSGSEND = YES;
				ENABLE_TESTABILITY = YES;
				GCC_C_LANGUAGE_STANDARD = gnu11;
				GCC_DYNAMIC_NO_PIC = NO;
				GCC_NO_COMMON_BLOCKS = YES;
				GCC_OPTIMIZATION_LEVEL = 0;
				GCC_PREPROCESSOR_DEFINITIONS = (
					"DEBUG=1",
					"$(inherited)",
				);
				GCC_WARN_64_TO_32_BIT_CONVERSION = YES;
				GCC_WARN_ABOUT_RETURN_TYPE = YES_ERROR;
				GCC_WARN_UNDECLARED_SELECTOR = YES;
				GCC_WARN_UNINITIALIZED_AUTOS = YES_AGGRESSIVE;
				GCC_WARN_UNUSED_FUNCTION = YES;
				GCC_WARN_UNUSED_VARIABLE = YES;
				IPHONEOS_DEPLOYMENT_TARGET = 14.5;
				MTL_ENABLE_DEBUG_INFO = INCLUDE_SOURCE;
				MTL_FAST_MATH = YES;
				ONLY_ACTIVE_ARCH = YES;
				SDKROOT = iphoneos;
				SWIFT_ACTIVE_COMPILATION_CONDITIONS = DEBUG;
				SWIFT_OPTIMIZATION_LEVEL = "-Onone";
			};
			name = Debug;
		};
		B26AEFB32740CCDB00244C81 /* Release */ = {
			isa = XCBuildConfiguration;
			buildSettings = {
				ALWAYS_SEARCH_USER_PATHS = NO;
				CLANG_ANALYZER_NONNULL = YES;
				CLANG_ANALYZER_NUMBER_OBJECT_CONVERSION = YES_AGGRESSIVE;
				CLANG_CXX_LANGUAGE_STANDARD = "gnu++14";
				CLANG_CXX_LIBRARY = "libc++";
				CLANG_ENABLE_MODULES = YES;
				CLANG_ENABLE_OBJC_ARC = YES;
				CLANG_ENABLE_OBJC_WEAK = YES;
				CLANG_WARN_BLOCK_CAPTURE_AUTORELEASING = YES;
				CLANG_WARN_BOOL_CONVERSION = YES;
				CLANG_WARN_COMMA = YES;
				CLANG_WARN_CONSTANT_CONVERSION = YES;
				CLANG_WARN_DEPRECATED_OBJC_IMPLEMENTATIONS = YES;
				CLANG_WARN_DIRECT_OBJC_ISA_USAGE = YES_ERROR;
				CLANG_WARN_DOCUMENTATION_COMMENTS = YES;
				CLANG_WARN_EMPTY_BODY = YES;
				CLANG_WARN_ENUM_CONVERSION = YES;
				CLANG_WARN_INFINITE_RECURSION = YES;
				CLANG_WARN_INT_CONVERSION = YES;
				CLANG_WARN_NON_LITERAL_NULL_CONVERSION = YES;
				CLANG_WARN_OBJC_IMPLICIT_RETAIN_SELF = YES;
				CLANG_WARN_OBJC_LITERAL_CONVERSION = YES;
				CLANG_WARN_OBJC_ROOT_CLASS = YES_ERROR;
				CLANG_WARN_QUOTED_INCLUDE_IN_FRAMEWORK_HEADER = YES;
				CLANG_WARN_RANGE_LOOP_ANALYSIS = YES;
				CLANG_WARN_STRICT_PROTOTYPES = YES;
				CLANG_WARN_SUSPICIOUS_MOVE = YES;
				CLANG_WARN_UNGUARDED_AVAILABILITY = YES_AGGRESSIVE;
				CLANG_WARN_UNREACHABLE_CODE = YES;
				CLANG_WARN__DUPLICATE_METHOD_MATCH = YES;
				COPY_PHASE_STRIP = NO;
				DEBUG_INFORMATION_FORMAT = "dwarf-with-dsym";
				ENABLE_NS_ASSERTIONS = NO;
				ENABLE_STRICT_OBJC_MSGSEND = YES;
				GCC_C_LANGUAGE_STANDARD = gnu11;
				GCC_NO_COMMON_BLOCKS = YES;
				GCC_WARN_64_TO_32_BIT_CONVERSION = YES;
				GCC_WARN_ABOUT_RETURN_TYPE = YES_ERROR;
				GCC_WARN_UNDECLARED_SELECTOR = YES;
				GCC_WARN_UNINITIALIZED_AUTOS = YES_AGGRESSIVE;
				GCC_WARN_UNUSED_FUNCTION = YES;
				GCC_WARN_UNUSED_VARIABLE = YES;
				IPHONEOS_DEPLOYMENT_TARGET = 14.5;
				MTL_ENABLE_DEBUG_INFO = NO;
				MTL_FAST_MATH = YES;
				SDKROOT = iphoneos;
				SWIFT_COMPILATION_MODE = wholemodule;
				SWIFT_OPTIMIZATION_LEVEL = "-O";
				VALIDATE_PRODUCT = YES;
			};
			name = Release;
		};
		B26AEFB52740CCDB00244C81 /* Debug */ = {
			isa = XCBuildConfiguration;
			buildSettings = {
				ASSETCATALOG_COMPILER_APPICON_NAME = AppIcon;
				ASSETCATALOG_COMPILER_GLOBAL_ACCENT_COLOR_NAME = AccentColor;
				CODE_SIGN_STYLE = Automatic;
				INFOPLIST_FILE = PersonalityQuiz/Info.plist;
				LD_RUNPATH_SEARCH_PATHS = (
					"$(inherited)",
					"@executable_path/Frameworks",
				);
				PRODUCT_BUNDLE_IDENTIFIER = Jayden.PersonalityQuiz;
				PRODUCT_NAME = "$(TARGET_NAME)";
				SWIFT_VERSION = 5.0;
				TARGETED_DEVICE_FAMILY = "1,2";
			};
			name = Debug;
		};
		B26AEFB62740CCDB00244C81 /* Release */ = {
			isa = XCBuildConfiguration;
			buildSettings = {
				ASSETCATALOG_COMPILER_APPICON_NAME = AppIcon;
				ASSETCATALOG_COMPILER_GLOBAL_ACCENT_COLOR_NAME = AccentColor;
				CODE_SIGN_STYLE = Automatic;
				INFOPLIST_FILE = PersonalityQuiz/Info.plist;
				LD_RUNPATH_SEARCH_PATHS = (
					"$(inherited)",
					"@executable_path/Frameworks",
				);
				PRODUCT_BUNDLE_IDENTIFIER = Jayden.PersonalityQuiz;
				PRODUCT_NAME = "$(TARGET_NAME)";
				SWIFT_VERSION = 5.0;
				TARGETED_DEVICE_FAMILY = "1,2";
			};
			name = Release;
		};
		B26AEFB82740CCDB00244C81 /* Debug */ = {
			isa = XCBuildConfiguration;
			buildSettings = {
				ALWAYS_EMBED_SWIFT_STANDARD_LIBRARIES = YES;
				BUNDLE_LOADER = "$(TEST_HOST)";
				CODE_SIGN_STYLE = Automatic;
				INFOPLIST_FILE = PersonalityQuizTests/Info.plist;
				IPHONEOS_DEPLOYMENT_TARGET = 14.5;
				LD_RUNPATH_SEARCH_PATHS = (
					"$(inherited)",
					"@executable_path/Frameworks",
					"@loader_path/Frameworks",
				);
				PRODUCT_BUNDLE_IDENTIFIER = Jayden.PersonalityQuizTests;
				PRODUCT_NAME = "$(TARGET_NAME)";
				SWIFT_VERSION = 5.0;
				TARGETED_DEVICE_FAMILY = "1,2";
				TEST_HOST = "$(BUILT_PRODUCTS_DIR)/PersonalityQuiz.app/PersonalityQuiz";
			};
			name = Debug;
		};
		B26AEFB92740CCDB00244C81 /* Release */ = {
			isa = XCBuildConfiguration;
			buildSettings = {
				ALWAYS_EMBED_SWIFT_STANDARD_LIBRARIES = YES;
				BUNDLE_LOADER = "$(TEST_HOST)";
				CODE_SIGN_STYLE = Automatic;
				INFOPLIST_FILE = PersonalityQuizTests/Info.plist;
				IPHONEOS_DEPLOYMENT_TARGET = 14.5;
				LD_RUNPATH_SEARCH_PATHS = (
					"$(inherited)",
					"@executable_path/Frameworks",
					"@loader_path/Frameworks",
				);
				PRODUCT_BUNDLE_IDENTIFIER = Jayden.PersonalityQuizTests;
				PRODUCT_NAME = "$(TARGET_NAME)";
				SWIFT_VERSION = 5.0;
				TARGETED_DEVICE_FAMILY = "1,2";
				TEST_HOST = "$(BUILT_PRODUCTS_DIR)/PersonalityQuiz.app/PersonalityQuiz";
			};
			name = Release;
		};
		B26AEFBB2740CCDB00244C81 /* Debug */ = {
			isa = XCBuildConfiguration;
			buildSettings = {
				ALWAYS_EMBED_SWIFT_STANDARD_LIBRARIES = YES;
				CODE_SIGN_STYLE = Automatic;
				INFOPLIST_FILE = PersonalityQuizUITests/Info.plist;
				LD_RUNPATH_SEARCH_PATHS = (
					"$(inherited)",
					"@executable_path/Frameworks",
					"@loader_path/Frameworks",
				);
				PRODUCT_BUNDLE_IDENTIFIER = Jayden.PersonalityQuizUITests;
				PRODUCT_NAME = "$(TARGET_NAME)";
				SWIFT_VERSION = 5.0;
				TARGETED_DEVICE_FAMILY = "1,2";
				TEST_TARGET_NAME = PersonalityQuiz;
			};
			name = Debug;
		};
		B26AEFBC2740CCDB00244C81 /* Release */ = {
			isa = XCBuildConfiguration;
			buildSettings = {
				ALWAYS_EMBED_SWIFT_STANDARD_LIBRARIES = YES;
				CODE_SIGN_STYLE = Automatic;
				INFOPLIST_FILE = PersonalityQuizUITests/Info.plist;
				LD_RUNPATH_SEARCH_PATHS = (
					"$(inherited)",
					"@executable_path/Frameworks",
					"@loader_path/Frameworks",
				);
				PRODUCT_BUNDLE_IDENTIFIER = Jayden.PersonalityQuizUITests;
				PRODUCT_NAME = "$(TARGET_NAME)";
				SWIFT_VERSION = 5.0;
				TARGETED_DEVICE_FAMILY = "1,2";
				TEST_TARGET_NAME = PersonalityQuiz;
			};
			name = Release;
		};
/* End XCBuildConfiguration section */

/* Begin XCConfigurationList section */
		B26AEF852740CCD700244C81 /* Build configuration list for PBXProject "PersonalityQuiz" */ = {
			isa = XCConfigurationList;
			buildConfigurations = (
				B26AEFB22740CCDB00244C81 /* Debug */,
				B26AEFB32740CCDB00244C81 /* Release */,
			);
			defaultConfigurationIsVisible = 0;
			defaultConfigurationName = Release;
		};
		B26AEFB42740CCDB00244C81 /* Build configuration list for PBXNativeTarget "PersonalityQuiz" */ = {
			isa = XCConfigurationList;
			buildConfigurations = (
				B26AEFB52740CCDB00244C81 /* Debug */,
				B26AEFB62740CCDB00244C81 /* Release */,
			);
			defaultConfigurationIsVisible = 0;
			defaultConfigurationName = Release;
		};
		B26AEFB72740CCDB00244C81 /* Build configuration list for PBXNativeTarget "PersonalityQuizTests" */ = {
			isa = XCConfigurationList;
			buildConfigurations = (
				B26AEFB82740CCDB00244C81 /* Debug */,
				B26AEFB92740CCDB00244C81 /* Release */,
			);
			defaultConfigurationIsVisible = 0;
			defaultConfigurationName = Release;
		};
		B26AEFBA2740CCDB00244C81 /* Build configuration list for PBXNativeTarget "PersonalityQuizUITests" */ = {
			isa = XCConfigurationList;
			buildConfigurations = (
				B26AEFBB2740CCDB00244C81 /* Debug */,
				B26AEFBC2740CCDB00244C81 /* Release */,
			);
			defaultConfigurationIsVisible = 0;
			defaultConfigurationName = Release;
		};
/* End XCConfigurationList section */
	};
	rootObject = B26AEF822740CCD700244C81 /* Project object */;
}
